
Microsoft Visual Studio Solution File, Format Version 12.00
# Visual Studio Version 17
VisualStudioVersion = 17.4.33205.214
MinimumVisualStudioVersion = 10.0.40219.1
Project("{9A19103F-16F7-4668-BE54-9A1E7A4F7556}") = "HrmReplicationModule", "HrmReplicationModule\HrmReplicationModule.csproj", "{17C58A3D-3B61-43A9-B72F-7838B0939190}"
EndProject
Global
	GlobalSection(SolutionConfigurationPlatforms) = preSolution
		Debug|Any CPU = Debug|Any CPU
		Debug|x64 = Debug|x64
		Debug|x86 = Debug|x86
		Release|Any CPU = Release|Any CPU
		Release|x64 = Release|x64
		Release|x86 = Release|x86
	EndGlobalSection
	GlobalSection(ProjectConfigurationPlatforms) = postSolution
		{17C58A3D-3B61-43A9-B72F-7838B0939190}.Debug|Any CPU.ActiveCfg = Debug|Any CPU
		{17C58A3D-3B61-43A9-B72F-7838B0939190}.Debug|Any CPU.Build.0 = Debug|Any CPU
		{17C58A3D-3B61-43A9-B72F-7838B0939190}.Debug|x64.ActiveCfg = Debug|Any CPU
		{17C58A3D-3B61-43A9-B72F-7838B0939190}.Debug|x64.Build.0 = Debug|Any CPU
		{17C58A3D-3B61-43A9-B72F-7838B0939190}.Debug|x86.ActiveCfg = Debug|Any CPU
		{17C58A3D-3B61-43A9-B72F-7838B0939190}.Debug|x86.Build.0 = Debug|Any CPU
		{17C58A3D-3B61-43A9-B72F-7838B0939190}.Release|Any CPU.ActiveCfg = Release|Any CPU
		{17C58A3D-3B61-43A9-B72F-7838B0939190}.Release|Any CPU.Build.0 = Release|Any CPU
		{17C58A3D-3B61-43A9-B72F-7838B0939190}.Release|x64.ActiveCfg = Release|Any CPU
		{17C58A3D-3B61-43A9-B72F-7838B0939190}.Release|x64.Build.0 = Release|Any CPU
		{17C58A3D-3B61-43A9-B72F-7838B0939190}.Release|x86.ActiveCfg = Release|Any CPU
		{17C58A3D-3B61-43A9-B72F-7838B0939190}.Release|x86.Build.0 = Release|Any CPU
	EndGlobalSection
	GlobalSection(SolutionProperties) = preSolution
		HideSolutionNode = FALSE
	EndGlobalSection
	GlobalSection(ExtensibilityGlobals) = postSolution
		SolutionGuid = {8B027F10-3C67-4B09-B750-E67A4152F66E}
	EndGlobalSection
EndGlobal
